// !$*UTF8*$!
{
	archiveVersion = 1;
	classes = {
	};
	objectVersion = 51;
	objects = {

/* Begin PBXBuildFile section */
		777ED384F8E023335DC42068 /* Pods_NearBy_IOS.framework in Frameworks */ = {isa = PBXBuildFile; fileRef = 689CA78965A884772A9D8AFB /* Pods_NearBy_IOS.framework */; };
		EA0B4E4A24C16D4C00C36EFF /* LocationUpdatesManager.swift in Sources */ = {isa = PBXBuildFile; fileRef = EA0B4E4924C16D4C00C36EFF /* LocationUpdatesManager.swift */; };
		EA0B4E4D24C16E2400C36EFF /* CLLocation+distance.swift in Sources */ = {isa = PBXBuildFile; fileRef = EA0B4E4C24C16E2400C36EFF /* CLLocation+distance.swift */; };
		EA0B4E5024C1761800C36EFF /* MainVCViewModel.swift in Sources */ = {isa = PBXBuildFile; fileRef = EA0B4E4F24C1761800C36EFF /* MainVCViewModel.swift */; };
		EA0B4E5224C177D900C36EFF /* UIViewController+Create.swift in Sources */ = {isa = PBXBuildFile; fileRef = EA0B4E5124C177D900C36EFF /* UIViewController+Create.swift */; };
		EAC4418424C14D0B00027B04 /* AppDelegate.swift in Sources */ = {isa = PBXBuildFile; fileRef = EAC4418324C14D0B00027B04 /* AppDelegate.swift */; };
		EAC4418824C14D0B00027B04 /* MainVC.swift in Sources */ = {isa = PBXBuildFile; fileRef = EAC4418724C14D0B00027B04 /* MainVC.swift */; };
		EAC4418B24C14D0B00027B04 /* Main.storyboard in Resources */ = {isa = PBXBuildFile; fileRef = EAC4418924C14D0B00027B04 /* Main.storyboard */; };
		EAC4418D24C14D0C00027B04 /* Assets.xcassets in Resources */ = {isa = PBXBuildFile; fileRef = EAC4418C24C14D0C00027B04 /* Assets.xcassets */; };
		EAC4419024C14D0C00027B04 /* LaunchScreen.storyboard in Resources */ = {isa = PBXBuildFile; fileRef = EAC4418E24C14D0C00027B04 /* LaunchScreen.storyboard */; };
		EAC4419C24C14EE300027B04 /* TargetType.swift in Sources */ = {isa = PBXBuildFile; fileRef = EAC4419B24C14EE300027B04 /* TargetType.swift */; };
		EAC4419E24C14F0700027B04 /* BaseAPI.swift in Sources */ = {isa = PBXBuildFile; fileRef = EAC4419D24C14F0700027B04 /* BaseAPI.swift */; };
		EAC441A024C14F2A00027B04 /* Constants.swift in Sources */ = {isa = PBXBuildFile; fileRef = EAC4419F24C14F2A00027B04 /* Constants.swift */; };
		EAC441AA24C164A500027B04 /* FourSquareNetworking.swift in Sources */ = {isa = PBXBuildFile; fileRef = EAC441A924C164A500027B04 /* FourSquareNetworking.swift */; };
		EAC441AC24C1653800027B04 /* FourSquareAPI.swift in Sources */ = {isa = PBXBuildFile; fileRef = EAC441AB24C1653800027B04 /* FourSquareAPI.swift */; };
		EAC441AF24C1670F00027B04 /* Responses.swift in Sources */ = {isa = PBXBuildFile; fileRef = EAC441AE24C1670F00027B04 /* Responses.swift */; };
/* End PBXBuildFile section */

/* Begin PBXFileReference section */
		689CA78965A884772A9D8AFB /* Pods_NearBy_IOS.framework */ = {isa = PBXFileReference; explicitFileType = wrapper.framework; includeInIndex = 0; path = Pods_NearBy_IOS.framework; sourceTree = BUILT_PRODUCTS_DIR; };
		9D7D7F0D4315730933154639 /* Pods-NearBy-IOS.release.xcconfig */ = {isa = PBXFileReference; includeInIndex = 1; lastKnownFileType = text.xcconfig; name = "Pods-NearBy-IOS.release.xcconfig"; path = "Target Support Files/Pods-NearBy-IOS/Pods-NearBy-IOS.release.xcconfig"; sourceTree = "<group>"; };
		A9BF15EBDD4FA576F5C097EA /* Pods-NearBy-IOS.debug.xcconfig */ = {isa = PBXFileReference; includeInIndex = 1; lastKnownFileType = text.xcconfig; name = "Pods-NearBy-IOS.debug.xcconfig"; path = "Target Support Files/Pods-NearBy-IOS/Pods-NearBy-IOS.debug.xcconfig"; sourceTree = "<group>"; };
		EA0B4E4924C16D4C00C36EFF /* LocationUpdatesManager.swift */ = {isa = PBXFileReference; lastKnownFileType = sourcecode.swift; path = LocationUpdatesManager.swift; sourceTree = "<group>"; };
		EA0B4E4C24C16E2400C36EFF /* CLLocation+distance.swift */ = {isa = PBXFileReference; lastKnownFileType = sourcecode.swift; path = "CLLocation+distance.swift"; sourceTree = "<group>"; };
		EA0B4E4F24C1761800C36EFF /* MainVCViewModel.swift */ = {isa = PBXFileReference; lastKnownFileType = sourcecode.swift; path = MainVCViewModel.swift; sourceTree = "<group>"; };
		EA0B4E5124C177D900C36EFF /* UIViewController+Create.swift */ = {isa = PBXFileReference; lastKnownFileType = sourcecode.swift; path = "UIViewController+Create.swift"; sourceTree = "<group>"; };
		EAC4418024C14D0B00027B04 /* NearBy-IOS.app */ = {isa = PBXFileReference; explicitFileType = wrapper.application; includeInIndex = 0; path = "NearBy-IOS.app"; sourceTree = BUILT_PRODUCTS_DIR; };
		EAC4418324C14D0B00027B04 /* AppDelegate.swift */ = {isa = PBXFileReference; lastKnownFileType = sourcecode.swift; path = AppDelegate.swift; sourceTree = "<group>"; };
		EAC4418724C14D0B00027B04 /* MainVC.swift */ = {isa = PBXFileReference; lastKnownFileType = sourcecode.swift; path = MainVC.swift; sourceTree = "<group>"; };
		EAC4418A24C14D0B00027B04 /* Base */ = {isa = PBXFileReference; lastKnownFileType = file.storyboard; name = Base; path = Base.lproj/Main.storyboard; sourceTree = "<group>"; };
		EAC4418C24C14D0C00027B04 /* Assets.xcassets */ = {isa = PBXFileReference; lastKnownFileType = folder.assetcatalog; path = Assets.xcassets; sourceTree = "<group>"; };
		EAC4418F24C14D0C00027B04 /* Base */ = {isa = PBXFileReference; lastKnownFileType = file.storyboard; name = Base; path = Base.lproj/LaunchScreen.storyboard; sourceTree = "<group>"; };
		EAC4419124C14D0C00027B04 /* Info.plist */ = {isa = PBXFileReference; lastKnownFileType = text.plist.xml; path = Info.plist; sourceTree = "<group>"; };
		EAC4419B24C14EE300027B04 /* TargetType.swift */ = {isa = PBXFileReference; lastKnownFileType = sourcecode.swift; path = TargetType.swift; sourceTree = "<group>"; };
		EAC4419D24C14F0700027B04 /* BaseAPI.swift */ = {isa = PBXFileReference; lastKnownFileType = sourcecode.swift; path = BaseAPI.swift; sourceTree = "<group>"; };
		EAC4419F24C14F2A00027B04 /* Constants.swift */ = {isa = PBXFileReference; lastKnownFileType = sourcecode.swift; path = Constants.swift; sourceTree = "<group>"; };
		EAC441A924C164A500027B04 /* FourSquareNetworking.swift */ = {isa = PBXFileReference; lastKnownFileType = sourcecode.swift; path = FourSquareNetworking.swift; sourceTree = "<group>"; };
		EAC441AB24C1653800027B04 /* FourSquareAPI.swift */ = {isa = PBXFileReference; lastKnownFileType = sourcecode.swift; path = FourSquareAPI.swift; sourceTree = "<group>"; };
		EAC441AE24C1670F00027B04 /* Responses.swift */ = {isa = PBXFileReference; lastKnownFileType = sourcecode.swift; path = Responses.swift; sourceTree = "<group>"; };
/* End PBXFileReference section */

/* Begin PBXFrameworksBuildPhase section */
		EAC4417D24C14D0B00027B04 /* Frameworks */ = {
			isa = PBXFrameworksBuildPhase;
			buildActionMask = 2147483647;
			files = (
				777ED384F8E023335DC42068 /* Pods_NearBy_IOS.framework in Frameworks */,
			);
			runOnlyForDeploymentPostprocessing = 0;
		};
/* End PBXFrameworksBuildPhase section */

/* Begin PBXGroup section */
		B512F49F920F1CFF136A9B64 /* Frameworks */ = {
			isa = PBXGroup;
			children = (
				689CA78965A884772A9D8AFB /* Pods_NearBy_IOS.framework */,
			);
			name = Frameworks;
			sourceTree = "<group>";
		};
		DFF80A373FBF40769521D05F /* Pods */ = {
			isa = PBXGroup;
			children = (
				A9BF15EBDD4FA576F5C097EA /* Pods-NearBy-IOS.debug.xcconfig */,
				9D7D7F0D4315730933154639 /* Pods-NearBy-IOS.release.xcconfig */,
			);
			path = Pods;
			sourceTree = "<group>";
		};
		EA0B4E4B24C16D5300C36EFF /* Managers */ = {
			isa = PBXGroup;
			children = (
				EA0B4E4924C16D4C00C36EFF /* LocationUpdatesManager.swift */,
			);
			path = Managers;
			sourceTree = "<group>";
		};
		EA0B4E4E24C16E2A00C36EFF /* Extensions */ = {
			isa = PBXGroup;
			children = (
				EA0B4E4C24C16E2400C36EFF /* CLLocation+distance.swift */,
				EA0B4E5124C177D900C36EFF /* UIViewController+Create.swift */,
			);
			path = Extensions;
			sourceTree = "<group>";
		};
		EAC4417724C14D0B00027B04 = {
			isa = PBXGroup;
			children = (
				EAC4418224C14D0B00027B04 /* NearBy-IOS */,
				EAC4418124C14D0B00027B04 /* Products */,
				DFF80A373FBF40769521D05F /* Pods */,
				B512F49F920F1CFF136A9B64 /* Frameworks */,
			);
			sourceTree = "<group>";
		};
		EAC4418124C14D0B00027B04 /* Products */ = {
			isa = PBXGroup;
			children = (
				EAC4418024C14D0B00027B04 /* NearBy-IOS.app */,
			);
			name = Products;
			sourceTree = "<group>";
		};
		EAC4418224C14D0B00027B04 /* NearBy-IOS */ = {
			isa = PBXGroup;
			children = (
				EAC4419A24C14ED600027B04 /* Networking */,
				EAC4419724C14DA600027B04 /* Shared */,
				EAC4419924C14DEC00027B04 /* Views */,
				EAC4419824C14DE200027B04 /* Resources */,
				EAC4419124C14D0C00027B04 /* Info.plist */,
				EA0B4E4B24C16D5300C36EFF /* Managers */,
				EA0B4E4E24C16E2A00C36EFF /* Extensions */,
			);
			path = "NearBy-IOS";
			sourceTree = "<group>";
		};
		EAC4419724C14DA600027B04 /* Shared */ = {
			isa = PBXGroup;
			children = (
				EAC4418324C14D0B00027B04 /* AppDelegate.swift */,
				EAC4419F24C14F2A00027B04 /* Constants.swift */,
			);
			path = Shared;
			sourceTree = "<group>";
		};
		EAC4419824C14DE200027B04 /* Resources */ = {
			isa = PBXGroup;
			children = (
				EAC4418924C14D0B00027B04 /* Main.storyboard */,
				EAC4418C24C14D0C00027B04 /* Assets.xcassets */,
				EAC4418E24C14D0C00027B04 /* LaunchScreen.storyboard */,
			);
			path = Resources;
			sourceTree = "<group>";
		};
		EAC4419924C14DEC00027B04 /* Views */ = {
			isa = PBXGroup;
			children = (
				EAC4418724C14D0B00027B04 /* MainVC.swift */,
				EA0B4E4F24C1761800C36EFF /* MainVCViewModel.swift */,
			);
			path = Views;
			sourceTree = "<group>";
		};
		EAC4419A24C14ED600027B04 /* Networking */ = {
			isa = PBXGroup;
			children = (
				EAC441A124C14F7100027B04 /* Base */,
				EAC441AD24C166FF00027B04 /* FourSquare */,
			);
			path = Networking;
			sourceTree = "<group>";
		};
		EAC441A124C14F7100027B04 /* Base */ = {
			isa = PBXGroup;
			children = (
				EAC4419B24C14EE300027B04 /* TargetType.swift */,
				EAC4419D24C14F0700027B04 /* BaseAPI.swift */,
			);
			path = Base;
			sourceTree = "<group>";
		};
		EAC441AD24C166FF00027B04 /* FourSquare */ = {
			isa = PBXGroup;
			children = (
				EAC441AB24C1653800027B04 /* FourSquareAPI.swift */,
				EAC441A924C164A500027B04 /* FourSquareNetworking.swift */,
				EAC441AE24C1670F00027B04 /* Responses.swift */,
			);
			path = FourSquare;
			sourceTree = "<group>";
		};
/* End PBXGroup section */

/* Begin PBXNativeTarget section */
		EAC4417F24C14D0B00027B04 /* NearBy-IOS */ = {
			isa = PBXNativeTarget;
			buildConfigurationList = EAC4419424C14D0C00027B04 /* Build configuration list for PBXNativeTarget "NearBy-IOS" */;
			buildPhases = (
				B802105D11038AB9B0DC1084 /* [CP] Check Pods Manifest.lock */,
				EAC4417C24C14D0B00027B04 /* Sources */,
				EAC4417D24C14D0B00027B04 /* Frameworks */,
				EAC4417E24C14D0B00027B04 /* Resources */,
				D1D2D56A51C2FF2EF5ECAD25 /* [CP] Embed Pods Frameworks */,
			);
			buildRules = (
			);
			dependencies = (
			);
			name = "NearBy-IOS";
			productName = "NearBy-IOS";
			productReference = EAC4418024C14D0B00027B04 /* NearBy-IOS.app */;
			productType = "com.apple.product-type.application";
		};
/* End PBXNativeTarget section */

/* Begin PBXProject section */
		EAC4417824C14D0B00027B04 /* Project object */ = {
			isa = PBXProject;
			attributes = {
				LastSwiftUpdateCheck = 1150;
				LastUpgradeCheck = 1150;
				ORGANIZATIONNAME = "Ahmed Masoud";
				TargetAttributes = {
					EAC4417F24C14D0B00027B04 = {
						CreatedOnToolsVersion = 11.5;
						LastSwiftMigration = 1150;
					};
				};
			};
			buildConfigurationList = EAC4417B24C14D0B00027B04 /* Build configuration list for PBXProject "NearBy-IOS" */;
			compatibilityVersion = "Xcode 9.3";
			developmentRegion = en;
			hasScannedForEncodings = 0;
			knownRegions = (
				en,
				Base,
			);
			mainGroup = EAC4417724C14D0B00027B04;
			productRefGroup = EAC4418124C14D0B00027B04 /* Products */;
			projectDirPath = "";
			projectRoot = "";
			targets = (
				EAC4417F24C14D0B00027B04 /* NearBy-IOS */,
			);
		};
/* End PBXProject section */

/* Begin PBXResourcesBuildPhase section */
		EAC4417E24C14D0B00027B04 /* Resources */ = {
			isa = PBXResourcesBuildPhase;
			buildActionMask = 2147483647;
			files = (
				EAC4419024C14D0C00027B04 /* LaunchScreen.storyboard in Resources */,
				EAC4418D24C14D0C00027B04 /* Assets.xcassets in Resources */,
				EAC4418B24C14D0B00027B04 /* Main.storyboard in Resources */,
			);
			runOnlyForDeploymentPostprocessing = 0;
		};
/* End PBXResourcesBuildPhase section */

/* Begin PBXShellScriptBuildPhase section */
		B802105D11038AB9B0DC1084 /* [CP] Check Pods Manifest.lock */ = {
			isa = PBXShellScriptBuildPhase;
			buildActionMask = 2147483647;
			files = (
			);
			inputFileListPaths = (
			);
			inputPaths = (
				"${PODS_PODFILE_DIR_PATH}/Podfile.lock",
				"${PODS_ROOT}/Manifest.lock",
			);
			name = "[CP] Check Pods Manifest.lock";
			outputFileListPaths = (
			);
			outputPaths = (
				"$(DERIVED_FILE_DIR)/Pods-NearBy-IOS-checkManifestLockResult.txt",
			);
			runOnlyForDeploymentPostprocessing = 0;
			shellPath = /bin/sh;
			shellScript = "diff \"${PODS_PODFILE_DIR_PATH}/Podfile.lock\" \"${PODS_ROOT}/Manifest.lock\" > /dev/null\nif [ $? != 0 ] ; then\n    # print error to STDERR\n    echo \"error: The sandbox is not in sync with the Podfile.lock. Run 'pod install' or update your CocoaPods installation.\" >&2\n    exit 1\nfi\n# This output is used by Xcode 'outputs' to avoid re-running this script phase.\necho \"SUCCESS\" > \"${SCRIPT_OUTPUT_FILE_0}\"\n";
			showEnvVarsInLog = 0;
		};
		D1D2D56A51C2FF2EF5ECAD25 /* [CP] Embed Pods Frameworks */ = {
			isa = PBXShellScriptBuildPhase;
			buildActionMask = 2147483647;
			files = (
			);
			inputFileListPaths = (
				"${PODS_ROOT}/Target Support Files/Pods-NearBy-IOS/Pods-NearBy-IOS-frameworks-${CONFIGURATION}-input-files.xcfilelist",
			);
			name = "[CP] Embed Pods Frameworks";
			outputFileListPaths = (
				"${PODS_ROOT}/Target Support Files/Pods-NearBy-IOS/Pods-NearBy-IOS-frameworks-${CONFIGURATION}-output-files.xcfilelist",
			);
			runOnlyForDeploymentPostprocessing = 0;
			shellPath = /bin/sh;
			shellScript = "\"${PODS_ROOT}/Target Support Files/Pods-NearBy-IOS/Pods-NearBy-IOS-frameworks.sh\"\n";
			showEnvVarsInLog = 0;
		};
/* End PBXShellScriptBuildPhase section */

/* Begin PBXSourcesBuildPhase section */
		EAC4417C24C14D0B00027B04 /* Sources */ = {
			isa = PBXSourcesBuildPhase;
			buildActionMask = 2147483647;
			files = (
				EAC441AF24C1670F00027B04 /* Responses.swift in Sources */,
				EAC441A024C14F2A00027B04 /* Constants.swift in Sources */,
				EA0B4E4D24C16E2400C36EFF /* CLLocation+distance.swift in Sources */,
				EAC4419C24C14EE300027B04 /* TargetType.swift in Sources */,
				EA0B4E5224C177D900C36EFF /* UIViewController+Create.swift in Sources */,
				EAC441AA24C164A500027B04 /* FourSquareNetworking.swift in Sources */,
				EAC4419E24C14F0700027B04 /* BaseAPI.swift in Sources */,
				EAC441AC24C1653800027B04 /* FourSquareAPI.swift in Sources */,
				EA0B4E4A24C16D4C00C36EFF /* LocationUpdatesManager.swift in Sources */,
				EA0B4E5024C1761800C36EFF /* MainVCViewModel.swift in Sources */,
				EAC4418824C14D0B00027B04 /* MainVC.swift in Sources */,
				EAC4418424C14D0B00027B04 /* AppDelegate.swift in Sources */,
			);
			runOnlyForDeploymentPostprocessing = 0;
		};
/* End PBXSourcesBuildPhase section */

/* Begin PBXVariantGroup section */
		EAC4418924C14D0B00027B04 /* Main.storyboard */ = {
			isa = PBXVariantGroup;
			children = (
				EAC4418A24C14D0B00027B04 /* Base */,
			);
			name = Main.storyboard;
			sourceTree = "<group>";
		};
		EAC4418E24C14D0C00027B04 /* LaunchScreen.storyboard */ = {
			isa = PBXVariantGroup;
			children = (
				EAC4418F24C14D0C00027B04 /* Base */,
			);
			name = LaunchScreen.storyboard;
			sourceTree = "<group>";
		};
/* End PBXVariantGroup section */

/* Begin XCBuildConfiguration section */
		EAC4419224C14D0C00027B04 /* Debug */ = {
			isa = XCBuildConfiguration;
			buildSettings = {
				ALWAYS_SEARCH_USER_PATHS = NO;
				CLANG_ANALYZER_NONNULL = YES;
				CLANG_ANALYZER_NUMBER_OBJECT_CONVERSION = YES_AGGRESSIVE;
				CLANG_CXX_LANGUAGE_STANDARD = "gnu++14";
				CLANG_CXX_LIBRARY = "libc++";
				CLANG_ENABLE_MODULES = YES;
				CLANG_ENABLE_OBJC_ARC = YES;
				CLANG_ENABLE_OBJC_WEAK = YES;
				CLANG_WARN_BLOCK_CAPTURE_AUTORELEASING = YES;
				CLANG_WARN_BOOL_CONVERSION = YES;
				CLANG_WARN_COMMA = YES;
				CLANG_WARN_CONSTANT_CONVERSION = YES;
				CLANG_WARN_DEPRECATED_OBJC_IMPLEMENTATIONS = YES;
				CLANG_WARN_DIRECT_OBJC_ISA_USAGE = YES_ERROR;
				CLANG_WARN_DOCUMENTATION_COMMENTS = YES;
				CLANG_WARN_EMPTY_BODY = YES;
				CLANG_WARN_ENUM_CONVERSION = YES;
				CLANG_WARN_INFINITE_RECURSION = YES;
				CLANG_WARN_INT_CONVERSION = YES;
				CLANG_WARN_NON_LITERAL_NULL_CONVERSION = YES;
				CLANG_WARN_OBJC_IMPLICIT_RETAIN_SELF = YES;
				CLANG_WARN_OBJC_LITERAL_CONVERSION = YES;
				CLANG_WARN_OBJC_ROOT_CLASS = YES_ERROR;
				CLANG_WARN_RANGE_LOOP_ANALYSIS = YES;
				CLANG_WARN_STRICT_PROTOTYPES = YES;
				CLANG_WARN_SUSPICIOUS_MOVE = YES;
				CLANG_WARN_UNGUARDED_AVAILABILITY = YES_AGGRESSIVE;
				CLANG_WARN_UNREACHABLE_CODE = YES;
				CLANG_WARN__DUPLICATE_METHOD_MATCH = YES;
				COPY_PHASE_STRIP = NO;
				DEBUG_INFORMATION_FORMAT = dwarf;
				ENABLE_STRICT_OBJC_MSGSEND = YES;
				ENABLE_TESTABILITY = YES;
				GCC_C_LANGUAGE_STANDARD = gnu11;
				GCC_DYNAMIC_NO_PIC = NO;
				GCC_NO_COMMON_BLOCKS = YES;
				GCC_OPTIMIZATION_LEVEL = 0;
				GCC_PREPROCESSOR_DEFINITIONS = (
					"DEBUG=1",
					"$(inherited)",
				);
				GCC_WARN_64_TO_32_BIT_CONVERSION = YES;
				GCC_WARN_ABOUT_RETURN_TYPE = YES_ERROR;
				GCC_WARN_UNDECLARED_SELECTOR = YES;
				GCC_WARN_UNINITIALIZED_AUTOS = YES_AGGRESSIVE;
				GCC_WARN_UNUSED_FUNCTION = YES;
				GCC_WARN_UNUSED_VARIABLE = YES;
				IPHONEOS_DEPLOYMENT_TARGET = 13.5;
				MTL_ENABLE_DEBUG_INFO = INCLUDE_SOURCE;
				MTL_FAST_MATH = YES;
				ONLY_ACTIVE_ARCH = YES;
				SDKROOT = iphoneos;
				SWIFT_ACTIVE_COMPILATION_CONDITIONS = DEBUG;
				SWIFT_OPTIMIZATION_LEVEL = "-Onone";
			};
			name = Debug;
		};
		EAC4419324C14D0C00027B04 /* Release */ = {
			isa = XCBuildConfiguration;
			buildSettings = {
				ALWAYS_SEARCH_USER_PATHS = NO;
				CLANG_ANALYZER_NONNULL = YES;
				CLANG_ANALYZER_NUMBER_OBJECT_CONVERSION = YES_AGGRESSIVE;
				CLANG_CXX_LANGUAGE_STANDARD = "gnu++14";
				CLANG_CXX_LIBRARY = "libc++";
				CLANG_ENABLE_MODULES = YES;
				CLANG_ENABLE_OBJC_ARC = YES;
				CLANG_ENABLE_OBJC_WEAK = YES;
				CLANG_WARN_BLOCK_CAPTURE_AUTORELEASING = YES;
				CLANG_WARN_BOOL_CONVERSION = YES;
				CLANG_WARN_COMMA = YES;
				CLANG_WARN_CONSTANT_CONVERSION = YES;
				CLANG_WARN_DEPRECATED_OBJC_IMPLEMENTATIONS = YES;
				CLANG_WARN_DIRECT_OBJC_ISA_USAGE = YES_ERROR;
				CLANG_WARN_DOCUMENTATION_COMMENTS = YES;
				CLANG_WARN_EMPTY_BODY = YES;
				CLANG_WARN_ENUM_CONVERSION = YES;
				CLANG_WARN_INFINITE_RECURSION = YES;
				CLANG_WARN_INT_CONVERSION = YES;
				CLANG_WARN_NON_LITERAL_NULL_CONVERSION = YES;
				CLANG_WARN_OBJC_IMPLICIT_RETAIN_SELF = YES;
				CLANG_WARN_OBJC_LITERAL_CONVERSION = YES;
				CLANG_WARN_OBJC_ROOT_CLASS = YES_ERROR;
				CLANG_WARN_RANGE_LOOP_ANALYSIS = YES;
				CLANG_WARN_STRICT_PROTOTYPES = YES;
				CLANG_WARN_SUSPICIOUS_MOVE = YES;
				CLANG_WARN_UNGUARDED_AVAILABILITY = YES_AGGRESSIVE;
				CLANG_WARN_UNREACHABLE_CODE = YES;
				CLANG_WARN__DUPLICATE_METHOD_MATCH = YES;
				COPY_PHASE_STRIP = NO;
				DEBUG_INFORMATION_FORMAT = "dwarf-with-dsym";
				ENABLE_NS_ASSERTIONS = NO;
				ENABLE_STRICT_OBJC_MSGSEND = YES;
				GCC_C_LANGUAGE_STANDARD = gnu11;
				GCC_NO_COMMON_BLOCKS = YES;
				GCC_WARN_64_TO_32_BIT_CONVERSION = YES;
				GCC_WARN_ABOUT_RETURN_TYPE = YES_ERROR;
				GCC_WARN_UNDECLARED_SELECTOR = YES;
				GCC_WARN_UNINITIALIZED_AUTOS = YES_AGGRESSIVE;
				GCC_WARN_UNUSED_FUNCTION = YES;
				GCC_WARN_UNUSED_VARIABLE = YES;
				IPHONEOS_DEPLOYMENT_TARGET = 13.5;
				MTL_ENABLE_DEBUG_INFO = NO;
				MTL_FAST_MATH = YES;
				SDKROOT = iphoneos;
				SWIFT_COMPILATION_MODE = wholemodule;
				SWIFT_OPTIMIZATION_LEVEL = "-O";
				VALIDATE_PRODUCT = YES;
			};
			name = Release;
		};
		EAC4419524C14D0C00027B04 /* Debug */ = {
			isa = XCBuildConfiguration;
			baseConfigurationReference = A9BF15EBDD4FA576F5C097EA /* Pods-NearBy-IOS.debug.xcconfig */;
			buildSettings = {
				ASSETCATALOG_COMPILER_APPICON_NAME = AppIcon;
				CLANG_ENABLE_MODULES = YES;
				CODE_SIGN_STYLE = Automatic;
				DEVELOPMENT_TEAM = CYKF9KP575;
				INFOPLIST_FILE = "NearBy-IOS/Info.plist";
				IPHONEOS_DEPLOYMENT_TARGET = 11.0;
				LD_RUNPATH_SEARCH_PATHS = (
					"$(inherited)",
					"@executable_path/Frameworks",
				);
				PRODUCT_BUNDLE_IDENTIFIER = "com.AhmedMasoud.NearBy-IOS";
				PRODUCT_NAME = "$(TARGET_NAME)";
				SWIFT_OBJC_BRIDGING_HEADER = "";
				SWIFT_OPTIMIZATION_LEVEL = "-Onone";
				SWIFT_VERSION = 5.0;
				TARGETED_DEVICE_FAMILY = "1,2";
			};
			name = Debug;
		};
		EAC4419624C14D0C00027B04 /* Release */ = {
			isa = XCBuildConfiguration;
			baseConfigurationReference = 9D7D7F0D4315730933154639 /* Pods-NearBy-IOS.release.xcconfig */;
			buildSettings = {
				ASSETCATALOG_COMPILER_APPICON_NAME = AppIcon;
				CLANG_ENABLE_MODULES = YES;
				CODE_SIGN_STYLE = Automatic;
				DEVELOPMENT_TEAM = CYKF9KP575;
				INFOPLIST_FILE = "NearBy-IOS/Info.plist";
				IPHONEOS_DEPLOYMENT_TARGET = 11.0;
				LD_RUNPATH_SEARCH_PATHS = (
					"$(inherited)",
					"@executable_path/Frameworks",
				);
				PRODUCT_BUNDLE_IDENTIFIER = "com.AhmedMasoud.NearBy-IOS";
				PRODUCT_NAME = "$(TARGET_NAME)";
				SWIFT_OBJC_BRIDGING_HEADER = "";
				SWIFT_VERSION = 5.0;
				TARGETED_DEVICE_FAMILY = "1,2";
			};
			name = Release;
		};
/* End XCBuildConfiguration section */

/* Begin XCConfigurationList section */
		EAC4417B24C14D0B00027B04 /* Build configuration list for PBXProject "NearBy-IOS" */ = {
			isa = XCConfigurationList;
			buildConfigurations = (
				EAC4419224C14D0C00027B04 /* Debug */,
				EAC4419324C14D0C00027B04 /* Release */,
			);
			defaultConfigurationIsVisible = 0;
			defaultConfigurationName = Release;
		};
		EAC4419424C14D0C00027B04 /* Build configuration list for PBXNativeTarget "NearBy-IOS" */ = {
			isa = XCConfigurationList;
			buildConfigurations = (
				EAC4419524C14D0C00027B04 /* Debug */,
				EAC4419624C14D0C00027B04 /* Release */,
			);
			defaultConfigurationIsVisible = 0;
			defaultConfigurationName = Release;
		};
/* End XCConfigurationList section */
	};
	rootObject = EAC4417824C14D0B00027B04 /* Project object */;
}
